schema: '2.0'
stages:
  create_model:
    cmd: python code.py --config=params.yaml
    deps:
    - path: Iris_Flower_Dataset.csv
      md5: ca5e72f040c30d6c8ad09f3981aa6adf
      size: 2616
    - path: code.py
      md5: 56904d12db088680baa143c485d7995f
      size: 2525
    params:
      params.yaml:
        base.random_state: 1
        base.test_size: 0.5
        data_source.local_data_path: Iris_Flower_Dataset.csv
        model.logistic_regression.average: weighted
        model.logistic_regression.fit_intercept: true
        model.logistic_regression.multi_class: ovr
    outs:
    - path: reports/params.json
      md5: 934289d5388ec027a5cc63febaf0ff49
      size: 100
    - path: reports/scores.json
      md5: f484338492814d0deb704bc910e996f8
      size: 109
